
Microsoft Visual Studio Solution File, Format Version 12.00
# Visual Studio 15
VisualStudioVersion = 15.0.27428.2043
MinimumVisualStudioVersion = 10.0.40219.1
Project("{FAE04EC0-301F-11D3-BF4B-00C04F79EFBC}") = "E-Number Series", "E-Number Series\E-Number Series.csproj", "{69F610DA-0E90-42DA-9596-285E2C1DB08E}"
EndProject
Global
	GlobalSection(SolutionConfigurationPlatforms) = preSolution
		Debug|Any CPU = Debug|Any CPU
		Release|Any CPU = Release|Any CPU
	EndGlobalSection
	GlobalSection(ProjectConfigurationPlatforms) = postSolution
		{69F610DA-0E90-42DA-9596-285E2C1DB08E}.Debug|Any CPU.ActiveCfg = Debug|Any CPU
		{69F610DA-0E90-42DA-9596-285E2C1DB08E}.Debug|Any CPU.Build.0 = Debug|Any CPU
		{69F610DA-0E90-42DA-9596-285E2C1DB08E}.Release|Any CPU.ActiveCfg = Release|Any CPU
		{69F610DA-0E90-42DA-9596-285E2C1DB08E}.Release|Any CPU.Build.0 = Release|Any CPU
	EndGlobalSection
	GlobalSection(SolutionProperties) = preSolution
		HideSolutionNode = FALSE
	EndGlobalSection
	GlobalSection(ExtensibilityGlobals) = postSolution
		SolutionGuid = {932CEA2E-05B3-467E-B9F2-E7EE46BB0D79}
	EndGlobalSection
EndGlobal
